
Microsoft Visual Studio Solution File, Format Version 12.00
# Visual Studio 15
VisualStudioVersion = 15.0.26430.13
MinimumVisualStudioVersion = 10.0.40219.1
Project("{9A19103F-16F7-4668-BE54-9A1E7A4F7556}") = "GenericMemoryCache", "GenericMemoryCache\GenericMemoryCache.csproj", "{F8E0B1E7-A170-4803-A52C-935B42E57048}"
EndProject
Project("{FAE04EC0-301F-11D3-BF4B-00C04F79EFBC}") = "Sample", "Sample\Sample.csproj", "{0F28AA1C-5703-401B-9A0E-1B0032AFDDED}"
EndProject
Global
	GlobalSection(SolutionConfigurationPlatforms) = preSolution
		Debug|Any CPU = Debug|Any CPU
		Release|Any CPU = Release|Any CPU
	EndGlobalSection
	GlobalSection(ProjectConfigurationPlatforms) = postSolution
		{F8E0B1E7-A170-4803-A52C-935B42E57048}.Debug|Any CPU.ActiveCfg = Debug|Any CPU
		{F8E0B1E7-A170-4803-A52C-935B42E57048}.Debug|Any CPU.Build.0 = Debug|Any CPU
		{F8E0B1E7-A170-4803-A52C-935B42E57048}.Release|Any CPU.ActiveCfg = Release|Any CPU
		{F8E0B1E7-A170-4803-A52C-935B42E57048}.Release|Any CPU.Build.0 = Release|Any CPU
		{0F28AA1C-5703-401B-9A0E-1B0032AFDDED}.Debug|Any CPU.ActiveCfg = Debug|Any CPU
		{0F28AA1C-5703-401B-9A0E-1B0032AFDDED}.Debug|Any CPU.Build.0 = Debug|Any CPU
		{0F28AA1C-5703-401B-9A0E-1B0032AFDDED}.Release|Any CPU.ActiveCfg = Release|Any CPU
		{0F28AA1C-5703-401B-9A0E-1B0032AFDDED}.Release|Any CPU.Build.0 = Release|Any CPU
	EndGlobalSection
	GlobalSection(SolutionProperties) = preSolution
		HideSolutionNode = FALSE
	EndGlobalSection
EndGlobal
